
Microsoft Visual Studio Solution File, Format Version 12.00
# Visual Studio Version 16
VisualStudioVersion = 16.0.31624.102
MinimumVisualStudioVersion = 10.0.40219.1
Project("{9A19103F-16F7-4668-BE54-9A1E7A4F7556}") = "BuilderPattern", "BuilderPattern.csproj", "{8071B83B-A1F4-48C5-99C2-200563005234}"
EndProject
Global
	GlobalSection(SolutionConfigurationPlatforms) = preSolution
		Debug|Any CPU = Debug|Any CPU
		Release|Any CPU = Release|Any CPU
	EndGlobalSection
	GlobalSection(ProjectConfigurationPlatforms) = postSolution
		{8071B83B-A1F4-48C5-99C2-200563005234}.Debug|Any CPU.ActiveCfg = Debug|Any CPU
		{8071B83B-A1F4-48C5-99C2-200563005234}.Debug|Any CPU.Build.0 = Debug|Any CPU
		{8071B83B-A1F4-48C5-99C2-200563005234}.Release|Any CPU.ActiveCfg = Release|Any CPU
		{8071B83B-A1F4-48C5-99C2-200563005234}.Release|Any CPU.Build.0 = Release|Any CPU
	EndGlobalSection
	GlobalSection(SolutionProperties) = preSolution
		HideSolutionNode = FALSE
	EndGlobalSection
	GlobalSection(ExtensibilityGlobals) = postSolution
		SolutionGuid = {3076C4ED-C0F8-44A0-8374-79F345130881}
	EndGlobalSection
EndGlobal
