
Microsoft Visual Studio Solution File, Format Version 12.00
# Visual Studio Version 16
VisualStudioVersion = 16.0.31624.102
MinimumVisualStudioVersion = 10.0.40219.1
Project("{FAE04EC0-301F-11D3-BF4B-00C04F79EFBC}") = "ChainOfResponsibilityDesignPattern", "ChainOfResponsibilityDesignPattern\ChainOfResponsibilityDesignPattern.csproj", "{932D787D-BBF7-4448-B5D8-9D3625B4AA06}"
EndProject
Global
	GlobalSection(SolutionConfigurationPlatforms) = preSolution
		Debug|Any CPU = Debug|Any CPU
		Release|Any CPU = Release|Any CPU
	EndGlobalSection
	GlobalSection(ProjectConfigurationPlatforms) = postSolution
		{932D787D-BBF7-4448-B5D8-9D3625B4AA06}.Debug|Any CPU.ActiveCfg = Debug|Any CPU
		{932D787D-BBF7-4448-B5D8-9D3625B4AA06}.Debug|Any CPU.Build.0 = Debug|Any CPU
		{932D787D-BBF7-4448-B5D8-9D3625B4AA06}.Release|Any CPU.ActiveCfg = Release|Any CPU
		{932D787D-BBF7-4448-B5D8-9D3625B4AA06}.Release|Any CPU.Build.0 = Release|Any CPU
	EndGlobalSection
	GlobalSection(SolutionProperties) = preSolution
		HideSolutionNode = FALSE
	EndGlobalSection
	GlobalSection(ExtensibilityGlobals) = postSolution
		SolutionGuid = {F9248919-A614-493B-98CE-604408566B84}
	EndGlobalSection
EndGlobal
